github.com/gregdel/pushover v0.0.0-20180208231006-1e03358b8e7e h1:InUqbygFzzdNpgu2R2lsL5rY1NfrPuZsaOTIQfSru30=
github.com/gregdel/pushover v0.0.0-20180208231006-1e03358b8e7e/go.mod h1:NbuXd8Iwy5dU99qFToB8mSE29qJOQNW/bphiV8CWj/k=
github.com/jasonlvhit/gocron v0.0.0-20190121134850-6771d4b492ba h1:uQgbHQ3qODYqXXzEf5MPEXRYAtG86jlItxtXCaIrEe8=
github.com/jasonlvhit/gocron v0.0.0-20190121134850-6771d4b492ba/go.mod h1:rwi/esz/h+4oWLhbWWK7f6dtmgLzxeZhnwGr7MCsTNk=
github.com/kr/pretty v0.1.0 h1:L/CwN0zerZDmRFUapSPitk6f+Q3+0za1rQkzVuMiMFI=
github.com/kr/pretty v0.1.0/go.mod h1:dAy3ld7l9f0ibDNOQOHHMYYIIbhfbHSm3C4ZsoJORNo=
github.com/kr/pty v1.1.1/go.mod h1:pFQYn66WHrOpPYNljwOMqo10TkYh1fy3cYio2l3bCsQ=
github.com/kr/text v0.1.0 h1:45sCR5RtlFHMR4UwH9sdQ5TC8v0qDQCHnXt+kaKSTVE=
github.com/kr/text v0.1.0/go.mod h1:4Jbv+DJW3UT/LiOwJeYQe1efqtUx/iVham/4vfdArNI=
github.com/pkg/errors v0.8.1 h1:iURUrRGxPUNPdy5/HRSm+Yj6okJ6UtLINN0Q9M4+h3I=
github.com/pkg/errors v0.8.1/go.mod h1:bwawxfHBFNV+L2hUp1rHADufV3IMtnDRdf1r5NINEl0=
golang.org/x/net v0.0.0-20190125091013-d26f9f9a57f3 h1:ulvT7fqt0yHWzpJwI57MezWnYDVpCAYBVuYst/L+fAY=
golang.org/x/net v0.0.0-20190125091013-d26f9f9a57f3/go.mod h1:mL1N/T3taQHkDXs73rZJwtUhF3w3ftmwwsq0BUmARs4=
golang.org/x/tools v0.0.0-20190128232029-0a99049195af h1:Wx+ooEDVfYpFCdHW8plwPeyrPPbRdlgc6mdqeW/IUAE=
golang.org/x/tools v0.0.0-20190128232029-0a99049195af/go.mod h1:n7NCudcB/nEzxVGmLbDWY5pfWTLqBcC2KZ6jyYvM4mQ=
